
Microsoft Visual Studio Solution File, Format Version 11.00
# Visual Studio 2010
Project("{FAE04EC0-301F-11D3-BF4B-00C04F79EFBC}") = "JetCode.SendEmail", "JetCode.SendEmail\JetCode.SendEmail.csproj", "{9A35F1BA-E407-4029-8D3C-0AE2EE8208C0}"
EndProject
Project("{54435603-DBB4-11D2-8724-00A0C9A8B90C}") = "SendEmail.Setup", "SendEmail.Setup\SendEmail.Setup.vdproj", "{8909D64E-E4F8-41FF-A257-635928EB435D}"
EndProject
Global
	GlobalSection(SolutionConfigurationPlatforms) = preSolution
		Debug|Any CPU = Debug|Any CPU
		Release|Any CPU = Release|Any CPU
	EndGlobalSection
	GlobalSection(ProjectConfigurationPlatforms) = postSolution
		{9A35F1BA-E407-4029-8D3C-0AE2EE8208C0}.Debug|Any CPU.ActiveCfg = Debug|Any CPU
		{9A35F1BA-E407-4029-8D3C-0AE2EE8208C0}.Debug|Any CPU.Build.0 = Debug|Any CPU
		{9A35F1BA-E407-4029-8D3C-0AE2EE8208C0}.Release|Any CPU.ActiveCfg = Release|Any CPU
		{9A35F1BA-E407-4029-8D3C-0AE2EE8208C0}.Release|Any CPU.Build.0 = Release|Any CPU
		{8909D64E-E4F8-41FF-A257-635928EB435D}.Debug|Any CPU.ActiveCfg = Debug
		{8909D64E-E4F8-41FF-A257-635928EB435D}.Release|Any CPU.ActiveCfg = Release
	EndGlobalSection
	GlobalSection(SolutionProperties) = preSolution
		HideSolutionNode = FALSE
	EndGlobalSection
EndGlobal
